# This file is automatically @generated by Cargo.
# It is not intended for manual editing.
version = 3

[[package]]
name = "ahash"
version = "0.8.6"
source = "registry+https://github.com/rust-lang/crates.io-index"
checksum = "91429305e9f0a25f6205c5b8e0d2db09e0708a7a6df0f42212bb56c32c8ac97a"
dependencies = [
 "cfg-if",
 "const-random",
 "once_cell",
 "version_check",
 "zerocopy",
]

[[package]]
name = "binary-stream"
version = "3.4.0"
source = "registry+https://github.com/rust-lang/crates.io-index"
checksum = "f4ef03ef225ea9a0b680a5926a58cb45d8eb56abf23d8a8b5c5dbc61235e2dac"
dependencies = [
 "thiserror",
]

[[package]]
name = "bitflags"
version = "2.4.1"
source = "registry+https://github.com/rust-lang/crates.io-index"
checksum = "327762f6e5a765692301e5bb513e0d9fef63be86bbc14528052b1cd3e6f03e07"

[[package]]
name = "cc"
version = "1.0.83"
source = "registry+https://github.com/rust-lang/crates.io-index"
checksum = "f1174fb0b6ec23863f8b971027804a42614e347eafb0a95bf0b12cdae21fc4d0"
dependencies = [
 "jobserver",
 "libc",
]

[[package]]
name = "cfg-if"
version = "1.0.0"
source = "registry+https://github.com/rust-lang/crates.io-index"
checksum = "baf1de4339761588bc0619e3cbc0120ee582ebb74b53b4efbf79117bd2da40fd"

[[package]]
name = "const-random"
version = "0.1.17"
source = "registry+https://github.com/rust-lang/crates.io-index"
checksum = "5aaf16c9c2c612020bcfd042e170f6e32de9b9d75adb5277cdbbd2e2c8c8299a"
dependencies = [
 "const-random-macro",
]

[[package]]
name = "const-random-macro"
version = "0.1.16"
source = "registry+https://github.com/rust-lang/crates.io-index"
checksum = "f9d839f2a20b0aee515dc581a6172f2321f96cab76c1a38a4c584a194955390e"
dependencies = [
 "getrandom",
 "once_cell",
 "tiny-keccak",
]

[[package]]
name = "crunchy"
version = "0.2.2"
source = "registry+https://github.com/rust-lang/crates.io-index"
checksum = "7a81dae078cea95a014a339291cec439d2f232ebe854a9d672b796c6afafa9b7"

[[package]]
name = "form_urlencoded"
version = "1.2.1"
source = "registry+https://github.com/rust-lang/crates.io-index"
checksum = "e13624c2627564efccf4934284bdd98cbaa14e79b0b5a141218e507b3a823456"
dependencies = [
 "percent-encoding",
]

[[package]]
name = "getrandom"
version = "0.2.11"
source = "registry+https://github.com/rust-lang/crates.io-index"
checksum = "fe9006bed769170c11f845cf00c7c1e9092aeb3f268e007c3e760ac68008070f"
dependencies = [
 "cfg-if",
 "libc",
 "wasi",
]

[[package]]
name = "git2"
version = "0.18.1"
source = "registry+https://github.com/rust-lang/crates.io-index"
checksum = "fbf97ba92db08df386e10c8ede66a2a0369bd277090afd8710e19e38de9ec0cd"
dependencies = [
 "bitflags",
 "libc",
 "libgit2-sys",
 "log",
 "url",
]

[[package]]
name = "hostname"
version = "0.3.1"
source = "registry+https://github.com/rust-lang/crates.io-index"
checksum = "3c731c3e10504cc8ed35cfe2f1db4c9274c3d35fa486e3b31df46f068ef3e867"
dependencies = [
 "libc",
 "match_cfg",
 "winapi",
]

[[package]]
name = "idna"
version = "0.5.0"
source = "registry+https://github.com/rust-lang/crates.io-index"
checksum = "634d9b1461af396cad843f47fdba5597a4f9e6ddd4bfb6ff5d85028c25cb12f6"
dependencies = [
 "unicode-bidi",
 "unicode-normalization",
]

[[package]]
name = "jobserver"
version = "0.1.27"
source = "registry+https://github.com/rust-lang/crates.io-index"
checksum = "8c37f63953c4c63420ed5fd3d6d398c719489b9f872b9fa683262f8edd363c7d"
dependencies = [
 "libc",
]

[[package]]
name = "lazy_static"
version = "1.4.0"
source = "registry+https://github.com/rust-lang/crates.io-index"
checksum = "e2abad23fbc42b3700f2f279844dc832adb2b2eb069b2df918f455c4e18cc646"

[[package]]
name = "libc"
version = "0.2.151"
source = "registry+https://github.com/rust-lang/crates.io-index"
checksum = "302d7ab3130588088d277783b1e2d2e10c9e9e4a16dd9050e6ec93fb3e7048f4"

[[package]]
name = "libgit2-sys"
version = "0.16.1+1.7.1"
source = "registry+https://github.com/rust-lang/crates.io-index"
checksum = "f2a2bb3680b094add03bb3732ec520ece34da31a8cd2d633d1389d0f0fb60d0c"
dependencies = [
 "cc",
 "libc",
 "libz-sys",
 "pkg-config",
]

[[package]]
name = "libz-sys"
version = "1.1.12"
source = "registry+https://github.com/rust-lang/crates.io-index"
checksum = "d97137b25e321a73eef1418d1d5d2eda4d77e12813f8e6dead84bc52c5870a7b"
dependencies = [
 "cc",
 "libc",
 "pkg-config",
 "vcpkg",
]

[[package]]
name = "log"
version = "0.4.20"
source = "registry+https://github.com/rust-lang/crates.io-index"
checksum = "b5e6163cb8c49088c2c36f57875e58ccd8c87c7427f7fbd50ea6710b2f3f2e8f"

[[package]]
name = "match_cfg"
version = "0.1.0"
source = "registry+https://github.com/rust-lang/crates.io-index"
checksum = "ffbee8634e0d45d258acb448e7eaab3fce7a0a467395d4d9f228e3c1f01fb2e4"

[[package]]
name = "once_cell"
version = "1.19.0"
source = "registry+https://github.com/rust-lang/crates.io-index"
checksum = "3fdb12b2476b595f9358c5161aa467c2438859caa136dec86c26fdd2efe17b92"

[[package]]
name = "percent-encoding"
version = "2.3.1"
source = "registry+https://github.com/rust-lang/crates.io-index"
checksum = "e3148f5046208a5d56bcfc03053e3ca6334e51da8dfb19b6cdc8b306fae3283e"

[[package]]
name = "pkg-config"
version = "0.3.28"
source = "registry+https://github.com/rust-lang/crates.io-index"
checksum = "69d3587f8a9e599cc7ec2c00e331f71c4e69a5f9a4b8a6efd5b07466b9736f9a"

[[package]]
name = "proc-macro2"
version = "1.0.71"
source = "registry+https://github.com/rust-lang/crates.io-index"
checksum = "75cb1540fadbd5b8fbccc4dddad2734eba435053f725621c070711a14bb5f4b8"
dependencies = [
 "unicode-ident",
]

[[package]]
name = "quote"
version = "1.0.33"
source = "registry+https://github.com/rust-lang/crates.io-index"
checksum = "5267fca4496028628a95160fc423a33e8b2e6af8a5302579e322e4b520293cae"
dependencies = [
 "proc-macro2",
]

[[package]]
name = "serde"
version = "1.0.193"
source = "registry+https://github.com/rust-lang/crates.io-index"
checksum = "25dd9975e68d0cb5aa1120c288333fc98731bd1dd12f561e468ea4728c042b89"
dependencies = [
 "serde_derive",
]

[[package]]
name = "serde-binary"
version = "0.5.0"
source = "registry+https://github.com/rust-lang/crates.io-index"
checksum = "b550db407b83ed53a4f76f888bfd7441b685abc2c086e20fb47781a286940506"
dependencies = [
 "binary-stream",
 "serde",
 "thiserror",
]

[[package]]
name = "serde_derive"
version = "1.0.193"
source = "registry+https://github.com/rust-lang/crates.io-index"
checksum = "43576ca501357b9b071ac53cdc7da8ef0cbd9493d8df094cd821777ea6e894d3"
dependencies = [
 "proc-macro2",
 "quote",
 "syn",
]

[[package]]
name = "syn"
version = "2.0.43"
source = "registry+https://github.com/rust-lang/crates.io-index"
checksum = "ee659fb5f3d355364e1f3e5bc10fb82068efbf824a1e9d1c9504244a6469ad53"
dependencies = [
 "proc-macro2",
 "quote",
 "unicode-ident",
]

[[package]]
name = "thiserror"
version = "1.0.52"
source = "registry+https://github.com/rust-lang/crates.io-index"
checksum = "83a48fd946b02c0a526b2e9481c8e2a17755e47039164a86c4070446e3a4614d"
dependencies = [
 "thiserror-impl",
]

[[package]]
name = "thiserror-impl"
version = "1.0.52"
source = "registry+https://github.com/rust-lang/crates.io-index"
checksum = "e7fbe9b594d6568a6a1443250a7e67d80b74e1e96f6d1715e1e21cc1888291d3"
dependencies = [
 "proc-macro2",
 "quote",
 "syn",
]

[[package]]
name = "tiny-keccak"
version = "2.0.2"
source = "registry+https://github.com/rust-lang/crates.io-index"
checksum = "2c9d3793400a45f954c52e73d068316d76b6f4e36977e3fcebb13a2721e80237"
dependencies = [
 "crunchy",
]

[[package]]
name = "tinyvec"
version = "1.6.0"
source = "registry+https://github.com/rust-lang/crates.io-index"
checksum = "87cc5ceb3875bb20c2890005a4e226a4651264a5c75edb2421b52861a0a0cb50"
dependencies = [
 "tinyvec_macros",
]

[[package]]
name = "tinyvec_macros"
version = "0.1.1"
source = "registry+https://github.com/rust-lang/crates.io-index"
checksum = "1f3ccbac311fea05f86f61904b462b55fb3df8837a366dfc601a0161d0532f20"

[[package]]
name = "unicode-bidi"
version = "0.3.14"
source = "registry+https://github.com/rust-lang/crates.io-index"
checksum = "6f2528f27a9eb2b21e69c95319b30bd0efd85d09c379741b0f78ea1d86be2416"

[[package]]
name = "unicode-ident"
version = "1.0.12"
source = "registry+https://github.com/rust-lang/crates.io-index"
checksum = "3354b9ac3fae1ff6755cb6db53683adb661634f67557942dea4facebec0fee4b"

[[package]]
name = "unicode-normalization"
version = "0.1.22"
source = "registry+https://github.com/rust-lang/crates.io-index"
checksum = "5c5713f0fc4b5db668a2ac63cdb7bb4469d8c9fed047b1d0292cc7b0ce2ba921"
dependencies = [
 "tinyvec",
]

[[package]]
name = "url"
version = "2.5.0"
source = "registry+https://github.com/rust-lang/crates.io-index"
checksum = "31e6302e3bb753d46e83516cae55ae196fc0c309407cf11ab35cc51a4c2a4633"
dependencies = [
 "form_urlencoded",
 "idna",
 "percent-encoding",
]

[[package]]
name = "vcpkg"
version = "0.2.15"
source = "registry+https://github.com/rust-lang/crates.io-index"
checksum = "accd4ea62f7bb7a82fe23066fb0957d48ef677f6eeb8215f372f52e48bb32426"

[[package]]
name = "version_check"
version = "0.9.4"
source = "registry+https://github.com/rust-lang/crates.io-index"
checksum = "49874b5167b65d7193b8aba1567f5c7d93d001cafc34600cee003eda787e483f"

[[package]]
name = "vlkprompt"
version = "0.1.0"
dependencies = [
 "ahash",
 "git2",
 "hostname",
 "lazy_static",
 "serde",
 "serde-binary",
]

[[package]]
name = "wasi"
version = "0.11.0+wasi-snapshot-preview1"
source = "registry+https://github.com/rust-lang/crates.io-index"
checksum = "9c8d87e72b64a3b4db28d11ce29237c246188f4f51057d65a7eab63b7987e423"

[[package]]
name = "winapi"
version = "0.3.9"
source = "registry+https://github.com/rust-lang/crates.io-index"
checksum = "5c839a674fcd7a98952e593242ea400abe93992746761e38641405d28b00f419"
dependencies = [
 "winapi-i686-pc-windows-gnu",
 "winapi-x86_64-pc-windows-gnu",
]

[[package]]
name = "winapi-i686-pc-windows-gnu"
version = "0.4.0"
source = "registry+https://github.com/rust-lang/crates.io-index"
checksum = "ac3b87c63620426dd9b991e5ce0329eff545bccbbb34f3be09ff6fb6ab51b7b6"

[[package]]
name = "winapi-x86_64-pc-windows-gnu"
version = "0.4.0"
source = "registry+https://github.com/rust-lang/crates.io-index"
checksum = "712e227841d057c1ee1cd2fb22fa7e5a5461ae8e48fa2ca79ec42cfc1931183f"

[[package]]
name = "zerocopy"
version = "0.7.32"
source = "registry+https://github.com/rust-lang/crates.io-index"
checksum = "74d4d3961e53fa4c9a25a8637fc2bfaf2595b3d3ae34875568a5cf64787716be"
dependencies = [
 "zerocopy-derive",
]

[[package]]
name = "zerocopy-derive"
version = "0.7.32"
source = "registry+https://github.com/rust-lang/crates.io-index"
checksum = "9ce1b18ccd8e73a9321186f97e46f9f04b778851177567b1975109d26a08d2a6"
dependencies = [
 "proc-macro2",
 "quote",
 "syn",
]
