# This file is automatically @generated by Cargo.
# It is not intended for manual editing.
version = 4

[[package]]
name = "aho-corasick"
version = "1.1.3"
source = "registry+https://github.com/rust-lang/crates.io-index"
checksum = "8e60d3430d3a69478ad0993f19238d2df97c507009a52b3c10addcd7f6bcb916"
dependencies = [
 "memchr",
]

[[package]]
name = "lscolors"
version = "0.20.0"
source = "registry+https://github.com/rust-lang/crates.io-index"
checksum = "61183da5de8ba09a58e330d55e5ea796539d8443bd00fdeb863eac39724aa4ab"
dependencies = [
 "aho-corasick",
 "owo-colors",
]

[[package]]
name = "lsdiff-new"
version = "0.1.0"
dependencies = [
 "lscolors",
 "memchr",
 "owo-colors",
]

[[package]]
name = "memchr"
version = "2.7.4"
source = "registry+https://github.com/rust-lang/crates.io-index"
checksum = "78ca9ab1a0babb1e7d5695e3530886289c18cf2f87ec19a575a0abdce112e3a3"

[[package]]
name = "owo-colors"
version = "4.0.0"
source = "registry+https://github.com/rust-lang/crates.io-index"
checksum = "caff54706df99d2a78a5a4e3455ff45448d81ef1bb63c22cd14052ca0e993a3f"
